// !$*UTF8*$!
{
	archiveVersion = 1;
	classes = {
	};
	objectVersion = 50;
	objects = {

/* Begin PBXBuildFile section */
		FFA5D436220C838400701F18 /* AppDelegate.swift in Sources */ = {isa = PBXBuildFile; fileRef = FFA5D435220C838400701F18 /* AppDelegate.swift */; };
		FFA5D438220C838400701F18 /* TodoListViewController.swift in Sources */ = {isa = PBXBuildFile; fileRef = FFA5D437220C838400701F18 /* TodoListViewController.swift */; };
		FFA5D43B220C838400701F18 /* Main.storyboard in Resources */ = {isa = PBXBuildFile; fileRef = FFA5D439220C838400701F18 /* Main.storyboard */; };
		FFA5D43D220C838400701F18 /* Assets.xcassets in Resources */ = {isa = PBXBuildFile; fileRef = FFA5D43C220C838400701F18 /* Assets.xcassets */; };
		FFA5D440220C838400701F18 /* LaunchScreen.storyboard in Resources */ = {isa = PBXBuildFile; fileRef = FFA5D43E220C838400701F18 /* LaunchScreen.storyboard */; };
		FFA5D44A220D2B0200701F18 /* UITableViewCell+AccessoryHandlers.swift in Sources */ = {isa = PBXBuildFile; fileRef = FFA5D449220D2B0200701F18 /* UITableViewCell+AccessoryHandlers.swift */; };
		FFA5D44C220E9EE500701F18 /* Item.swift in Sources */ = {isa = PBXBuildFile; fileRef = FFA5D44B220E9EE400701F18 /* Item.swift */; };
		FFA5D452220EE68000701F18 /* TodoListData.swift in Sources */ = {isa = PBXBuildFile; fileRef = FFA5D451220EE68000701F18 /* TodoListData.swift */; };
/* End PBXBuildFile section */

/* Begin PBXFileReference section */
		FFA5D432220C838400701F18 /* Todoey.app */ = {isa = PBXFileReference; explicitFileType = wrapper.application; includeInIndex = 0; path = Todoey.app; sourceTree = BUILT_PRODUCTS_DIR; };
		FFA5D435220C838400701F18 /* AppDelegate.swift */ = {isa = PBXFileReference; lastKnownFileType = sourcecode.swift; path = AppDelegate.swift; sourceTree = "<group>"; };
		FFA5D437220C838400701F18 /* TodoListViewController.swift */ = {isa = PBXFileReference; lastKnownFileType = sourcecode.swift; path = TodoListViewController.swift; sourceTree = "<group>"; };
		FFA5D43A220C838400701F18 /* Base */ = {isa = PBXFileReference; lastKnownFileType = file.storyboard; name = Base; path = Base.lproj/Main.storyboard; sourceTree = "<group>"; };
		FFA5D43C220C838400701F18 /* Assets.xcassets */ = {isa = PBXFileReference; lastKnownFileType = folder.assetcatalog; path = Assets.xcassets; sourceTree = "<group>"; };
		FFA5D43F220C838400701F18 /* Base */ = {isa = PBXFileReference; lastKnownFileType = file.storyboard; name = Base; path = Base.lproj/LaunchScreen.storyboard; sourceTree = "<group>"; };
		FFA5D441220C838400701F18 /* Info.plist */ = {isa = PBXFileReference; lastKnownFileType = text.plist.xml; path = Info.plist; sourceTree = "<group>"; };
		FFA5D449220D2B0200701F18 /* UITableViewCell+AccessoryHandlers.swift */ = {isa = PBXFileReference; lastKnownFileType = sourcecode.swift; path = "UITableViewCell+AccessoryHandlers.swift"; sourceTree = "<group>"; };
		FFA5D44B220E9EE400701F18 /* Item.swift */ = {isa = PBXFileReference; lastKnownFileType = sourcecode.swift; path = Item.swift; sourceTree = "<group>"; };
		FFA5D451220EE68000701F18 /* TodoListData.swift */ = {isa = PBXFileReference; lastKnownFileType = sourcecode.swift; path = TodoListData.swift; sourceTree = "<group>"; };
/* End PBXFileReference section */

/* Begin PBXFrameworksBuildPhase section */
		FFA5D42F220C838400701F18 /* Frameworks */ = {
			isa = PBXFrameworksBuildPhase;
			buildActionMask = 2147483647;
			files = (
			);
			runOnlyForDeploymentPostprocessing = 0;
		};
/* End PBXFrameworksBuildPhase section */

/* Begin PBXGroup section */
		FFA5D429220C838400701F18 = {
			isa = PBXGroup;
			children = (
				FFA5D434220C838400701F18 /* Todoey */,
				FFA5D433220C838400701F18 /* Products */,
			);
			sourceTree = "<group>";
		};
		FFA5D433220C838400701F18 /* Products */ = {
			isa = PBXGroup;
			children = (
				FFA5D432220C838400701F18 /* Todoey.app */,
			);
			name = Products;
			sourceTree = "<group>";
		};
		FFA5D434220C838400701F18 /* Todoey */ = {
			isa = PBXGroup;
			children = (
				FFA5D435220C838400701F18 /* AppDelegate.swift */,
				FFA5D44E220E9F8200701F18 /* Controllers */,
				FFA5D44D220E9F5400701F18 /* Data Model */,
				FFA5D44F220E9F9200701F18 /* Views */,
				FFA5D448220D2A9B00701F18 /* Extensions */,
				FFA5D450220E9FBB00701F18 /* Supporting Files */,
				FFA5D441220C838400701F18 /* Info.plist */,
			);
			path = Todoey;
			sourceTree = "<group>";
		};
		FFA5D448220D2A9B00701F18 /* Extensions */ = {
			isa = PBXGroup;
			children = (
				FFA5D449220D2B0200701F18 /* UITableViewCell+AccessoryHandlers.swift */,
			);
			path = Extensions;
			sourceTree = "<group>";
		};
		FFA5D44D220E9F5400701F18 /* Data Model */ = {
			isa = PBXGroup;
			children = (
				FFA5D44B220E9EE400701F18 /* Item.swift */,
				FFA5D451220EE68000701F18 /* TodoListData.swift */,
			);
			path = "Data Model";
			sourceTree = "<group>";
		};
		FFA5D44E220E9F8200701F18 /* Controllers */ = {
			isa = PBXGroup;
			children = (
				FFA5D437220C838400701F18 /* TodoListViewController.swift */,
			);
			path = Controllers;
			sourceTree = "<group>";
		};
		FFA5D44F220E9F9200701F18 /* Views */ = {
			isa = PBXGroup;
			children = (
				FFA5D439220C838400701F18 /* Main.storyboard */,
			);
			path = Views;
			sourceTree = "<group>";
		};
		FFA5D450220E9FBB00701F18 /* Supporting Files */ = {
			isa = PBXGroup;
			children = (
				FFA5D43C220C838400701F18 /* Assets.xcassets */,
				FFA5D43E220C838400701F18 /* LaunchScreen.storyboard */,
			);
			path = "Supporting Files";
			sourceTree = "<group>";
		};
/* End PBXGroup section */

/* Begin PBXNativeTarget section */
		FFA5D431220C838400701F18 /* Todoey */ = {
			isa = PBXNativeTarget;
			buildConfigurationList = FFA5D444220C838400701F18 /* Build configuration list for PBXNativeTarget "Todoey" */;
			buildPhases = (
				FFA5D42E220C838400701F18 /* Sources */,
				FFA5D42F220C838400701F18 /* Frameworks */,
				FFA5D430220C838400701F18 /* Resources */,
			);
			buildRules = (
			);
			dependencies = (
			);
			name = Todoey;
			productName = Todoey;
			productReference = FFA5D432220C838400701F18 /* Todoey.app */;
			productType = "com.apple.product-type.application";
		};
/* End PBXNativeTarget section */

/* Begin PBXProject section */
		FFA5D42A220C838400701F18 /* Project object */ = {
			isa = PBXProject;
			attributes = {
				LastSwiftUpdateCheck = 1010;
				LastUpgradeCheck = 1010;
				ORGANIZATIONNAME = "Александр Алгашев";
				TargetAttributes = {
					FFA5D431220C838400701F18 = {
						CreatedOnToolsVersion = 10.1;
					};
				};
			};
			buildConfigurationList = FFA5D42D220C838400701F18 /* Build configuration list for PBXProject "Todoey" */;
			compatibilityVersion = "Xcode 9.3";
			developmentRegion = en;
			hasScannedForEncodings = 0;
			knownRegions = (
				en,
				Base,
			);
			mainGroup = FFA5D429220C838400701F18;
			productRefGroup = FFA5D433220C838400701F18 /* Products */;
			projectDirPath = "";
			projectRoot = "";
			targets = (
				FFA5D431220C838400701F18 /* Todoey */,
			);
		};
/* End PBXProject section */

/* Begin PBXResourcesBuildPhase section */
		FFA5D430220C838400701F18 /* Resources */ = {
			isa = PBXResourcesBuildPhase;
			buildActionMask = 2147483647;
			files = (
				FFA5D440220C838400701F18 /* LaunchScreen.storyboard in Resources */,
				FFA5D43D220C838400701F18 /* Assets.xcassets in Resources */,
				FFA5D43B220C838400701F18 /* Main.storyboard in Resources */,
			);
			runOnlyForDeploymentPostprocessing = 0;
		};
/* End PBXResourcesBuildPhase section */

/* Begin PBXSourcesBuildPhase section */
		FFA5D42E220C838400701F18 /* Sources */ = {
			isa = PBXSourcesBuildPhase;
			buildActionMask = 2147483647;
			files = (
				FFA5D44C220E9EE500701F18 /* Item.swift in Sources */,
				FFA5D438220C838400701F18 /* TodoListViewController.swift in Sources */,
				FFA5D452220EE68000701F18 /* TodoListData.swift in Sources */,
				FFA5D436220C838400701F18 /* AppDelegate.swift in Sources */,
				FFA5D44A220D2B0200701F18 /* UITableViewCell+AccessoryHandlers.swift in Sources */,
			);
			runOnlyForDeploymentPostprocessing = 0;
		};
/* End PBXSourcesBuildPhase section */

/* Begin PBXVariantGroup section */
		FFA5D439220C838400701F18 /* Main.storyboard */ = {
			isa = PBXVariantGroup;
			children = (
				FFA5D43A220C838400701F18 /* Base */,
			);
			name = Main.storyboard;
			sourceTree = "<group>";
		};
		FFA5D43E220C838400701F18 /* LaunchScreen.storyboard */ = {
			isa = PBXVariantGroup;
			children = (
				FFA5D43F220C838400701F18 /* Base */,
			);
			name = LaunchScreen.storyboard;
			sourceTree = "<group>";
		};
/* End PBXVariantGroup section */

/* Begin XCBuildConfiguration section */
		FFA5D442220C838400701F18 /* Debug */ = {
			isa = XCBuildConfiguration;
			buildSettings = {
				ALWAYS_SEARCH_USER_PATHS = NO;
				CLANG_ANALYZER_NONNULL = YES;
				CLANG_ANALYZER_NUMBER_OBJECT_CONVERSION = YES_AGGRESSIVE;
				CLANG_CXX_LANGUAGE_STANDARD = "gnu++14";
				CLANG_CXX_LIBRARY = "libc++";
				CLANG_ENABLE_MODULES = YES;
				CLANG_ENABLE_OBJC_ARC = YES;
				CLANG_ENABLE_OBJC_WEAK = YES;
				CLANG_WARN_BLOCK_CAPTURE_AUTORELEASING = YES;
				CLANG_WARN_BOOL_CONVERSION = YES;
				CLANG_WARN_COMMA = YES;
				CLANG_WARN_CONSTANT_CONVERSION = YES;
				CLANG_WARN_DEPRECATED_OBJC_IMPLEMENTATIONS = YES;
				CLANG_WARN_DIRECT_OBJC_ISA_USAGE = YES_ERROR;
				CLANG_WARN_DOCUMENTATION_COMMENTS = YES;
				CLANG_WARN_EMPTY_BODY = YES;
				CLANG_WARN_ENUM_CONVERSION = YES;
				CLANG_WARN_INFINITE_RECURSION = YES;
				CLANG_WARN_INT_CONVERSION = YES;
				CLANG_WARN_NON_LITERAL_NULL_CONVERSION = YES;
				CLANG_WARN_OBJC_IMPLICIT_RETAIN_SELF = YES;
				CLANG_WARN_OBJC_LITERAL_CONVERSION = YES;
				CLANG_WARN_OBJC_ROOT_CLASS = YES_ERROR;
				CLANG_WARN_RANGE_LOOP_ANALYSIS = YES;
				CLANG_WARN_STRICT_PROTOTYPES = YES;
				CLANG_WARN_SUSPICIOUS_MOVE = YES;
				CLANG_WARN_UNGUARDED_AVAILABILITY = YES_AGGRESSIVE;
				CLANG_WARN_UNREACHABLE_CODE = YES;
				CLANG_WARN__DUPLICATE_METHOD_MATCH = YES;
				CODE_SIGN_IDENTITY = "iPhone Developer";
				COPY_PHASE_STRIP = NO;
				DEBUG_INFORMATION_FORMAT = dwarf;
				ENABLE_STRICT_OBJC_MSGSEND = YES;
				ENABLE_TESTABILITY = YES;
				GCC_C_LANGUAGE_STANDARD = gnu11;
				GCC_DYNAMIC_NO_PIC = NO;
				GCC_NO_COMMON_BLOCKS = YES;
				GCC_OPTIMIZATION_LEVEL = 0;
				GCC_PREPROCESSOR_DEFINITIONS = (
					"DEBUG=1",
					"$(inherited)",
				);
				GCC_WARN_64_TO_32_BIT_CONVERSION = YES;
				GCC_WARN_ABOUT_RETURN_TYPE = YES_ERROR;
				GCC_WARN_UNDECLARED_SELECTOR = YES;
				GCC_WARN_UNINITIALIZED_AUTOS = YES_AGGRESSIVE;
				GCC_WARN_UNUSED_FUNCTION = YES;
				GCC_WARN_UNUSED_VARIABLE = YES;
				IPHONEOS_DEPLOYMENT_TARGET = 12.1;
				MTL_ENABLE_DEBUG_INFO = INCLUDE_SOURCE;
				MTL_FAST_MATH = YES;
				ONLY_ACTIVE_ARCH = YES;
				SDKROOT = iphoneos;
				SWIFT_ACTIVE_COMPILATION_CONDITIONS = DEBUG;
				SWIFT_OPTIMIZATION_LEVEL = "-Onone";
			};
			name = Debug;
		};
		FFA5D443220C838400701F18 /* Release */ = {
			isa = XCBuildConfiguration;
			buildSettings = {
				ALWAYS_SEARCH_USER_PATHS = NO;
				CLANG_ANALYZER_NONNULL = YES;
				CLANG_ANALYZER_NUMBER_OBJECT_CONVERSION = YES_AGGRESSIVE;
				CLANG_CXX_LANGUAGE_STANDARD = "gnu++14";
				CLANG_CXX_LIBRARY = "libc++";
				CLANG_ENABLE_MODULES = YES;
				CLANG_ENABLE_OBJC_ARC = YES;
				CLANG_ENABLE_OBJC_WEAK = YES;
				CLANG_WARN_BLOCK_CAPTURE_AUTORELEASING = YES;
				CLANG_WARN_BOOL_CONVERSION = YES;
				CLANG_WARN_COMMA = YES;
				CLANG_WARN_CONSTANT_CONVERSION = YES;
				CLANG_WARN_DEPRECATED_OBJC_IMPLEMENTATIONS = YES;
				CLANG_WARN_DIRECT_OBJC_ISA_USAGE = YES_ERROR;
				CLANG_WARN_DOCUMENTATION_COMMENTS = YES;
				CLANG_WARN_EMPTY_BODY = YES;
				CLANG_WARN_ENUM_CONVERSION = YES;
				CLANG_WARN_INFINITE_RECURSION = YES;
				CLANG_WARN_INT_CONVERSION = YES;
				CLANG_WARN_NON_LITERAL_NULL_CONVERSION = YES;
				CLANG_WARN_OBJC_IMPLICIT_RETAIN_SELF = YES;
				CLANG_WARN_OBJC_LITERAL_CONVERSION = YES;
				CLANG_WARN_OBJC_ROOT_CLASS = YES_ERROR;
				CLANG_WARN_RANGE_LOOP_ANALYSIS = YES;
				CLANG_WARN_STRICT_PROTOTYPES = YES;
				CLANG_WARN_SUSPICIOUS_MOVE = YES;
				CLANG_WARN_UNGUARDED_AVAILABILITY = YES_AGGRESSIVE;
				CLANG_WARN_UNREACHABLE_CODE = YES;
				CLANG_WARN__DUPLICATE_METHOD_MATCH = YES;
				CODE_SIGN_IDENTITY = "iPhone Developer";
				COPY_PHASE_STRIP = NO;
				DEBUG_INFORMATION_FORMAT = "dwarf-with-dsym";
				ENABLE_NS_ASSERTIONS = NO;
				ENABLE_STRICT_OBJC_MSGSEND = YES;
				GCC_C_LANGUAGE_STANDARD = gnu11;
				GCC_NO_COMMON_BLOCKS = YES;
				GCC_WARN_64_TO_32_BIT_CONVERSION = YES;
				GCC_WARN_ABOUT_RETURN_TYPE = YES_ERROR;
				GCC_WARN_UNDECLARED_SELECTOR = YES;
				GCC_WARN_UNINITIALIZED_AUTOS = YES_AGGRESSIVE;
				GCC_WARN_UNUSED_FUNCTION = YES;
				GCC_WARN_UNUSED_VARIABLE = YES;
				IPHONEOS_DEPLOYMENT_TARGET = 12.1;
				MTL_ENABLE_DEBUG_INFO = NO;
				MTL_FAST_MATH = YES;
				SDKROOT = iphoneos;
				SWIFT_COMPILATION_MODE = wholemodule;
				SWIFT_OPTIMIZATION_LEVEL = "-O";
				VALIDATE_PRODUCT = YES;
			};
			name = Release;
		};
		FFA5D445220C838400701F18 /* Debug */ = {
			isa = XCBuildConfiguration;
			buildSettings = {
				ASSETCATALOG_COMPILER_APPICON_NAME = AppIcon;
				CODE_SIGN_STYLE = Automatic;
				DEVELOPMENT_TEAM = SQ2J8S5B39;
				INFOPLIST_FILE = Todoey/Info.plist;
				LD_RUNPATH_SEARCH_PATHS = (
					"$(inherited)",
					"@executable_path/Frameworks",
				);
				PRODUCT_BUNDLE_IDENTIFIER = algashev.Todoey;
				PRODUCT_NAME = "$(TARGET_NAME)";
				SWIFT_VERSION = 4.2;
				TARGETED_DEVICE_FAMILY = "1,2";
			};
			name = Debug;
		};
		FFA5D446220C838400701F18 /* Release */ = {
			isa = XCBuildConfiguration;
			buildSettings = {
				ASSETCATALOG_COMPILER_APPICON_NAME = AppIcon;
				CODE_SIGN_STYLE = Automatic;
				DEVELOPMENT_TEAM = SQ2J8S5B39;
				INFOPLIST_FILE = Todoey/Info.plist;
				LD_RUNPATH_SEARCH_PATHS = (
					"$(inherited)",
					"@executable_path/Frameworks",
				);
				PRODUCT_BUNDLE_IDENTIFIER = algashev.Todoey;
				PRODUCT_NAME = "$(TARGET_NAME)";
				SWIFT_VERSION = 4.2;
				TARGETED_DEVICE_FAMILY = "1,2";
			};
			name = Release;
		};
/* End XCBuildConfiguration section */

/* Begin XCConfigurationList section */
		FFA5D42D220C838400701F18 /* Build configuration list for PBXProject "Todoey" */ = {
			isa = XCConfigurationList;
			buildConfigurations = (
				FFA5D442220C838400701F18 /* Debug */,
				FFA5D443220C838400701F18 /* Release */,
			);
			defaultConfigurationIsVisible = 0;
			defaultConfigurationName = Release;
		};
		FFA5D444220C838400701F18 /* Build configuration list for PBXNativeTarget "Todoey" */ = {
			isa = XCConfigurationList;
			buildConfigurations = (
				FFA5D445220C838400701F18 /* Debug */,
				FFA5D446220C838400701F18 /* Release */,
			);
			defaultConfigurationIsVisible = 0;
			defaultConfigurationName = Release;
		};
/* End XCConfigurationList section */
	};
	rootObject = FFA5D42A220C838400701F18 /* Project object */;
}
